// !$*UTF8*$!
{
	archiveVersion = 1;
	classes = {
	};
	objectVersion = 56;
	objects = {

/* Begin PBXBuildFile section */
		D78DB3672B25DD220048BC90 /* ViewController.swift in Sources */ = {isa = PBXBuildFile; fileRef = D78DB3662B25DD220048BC90 /* ViewController.swift */; };
		D78DB36C2B25DD270048BC90 /* Assets.xcassets in Resources */ = {isa = PBXBuildFile; fileRef = D78DB36B2B25DD270048BC90 /* Assets.xcassets */; };
		D78DB36F2B25DD270048BC90 /* LaunchScreen.storyboard in Resources */ = {isa = PBXBuildFile; fileRef = D78DB36D2B25DD270048BC90 /* LaunchScreen.storyboard */; };
		D78DB37B2B25F3720048BC90 /* Result.json in Resources */ = {isa = PBXBuildFile; fileRef = D78DB37A2B25F3720048BC90 /* Result.json */; };
		D78DB37D2B2602500048BC90 /* ServerResponce.swift in Sources */ = {isa = PBXBuildFile; fileRef = D78DB37C2B2602500048BC90 /* ServerResponce.swift */; };
		D78DB3812B26042C0048BC90 /* DBServise.swift in Sources */ = {isa = PBXBuildFile; fileRef = D78DB3802B26042C0048BC90 /* DBServise.swift */; };
		D78DB3852B2641D60048BC90 /* PlainCollectionViewCell.swift in Sources */ = {isa = PBXBuildFile; fileRef = D78DB3842B2641D60048BC90 /* PlainCollectionViewCell.swift */; };
		D78DB3872B2642F20048BC90 /* AdvertCollectionViewCell.swift in Sources */ = {isa = PBXBuildFile; fileRef = D78DB3862B2642F20048BC90 /* AdvertCollectionViewCell.swift */; };
		D78DB3902B2770420048BC90 /* AppDelegate.swift in Sources */ = {isa = PBXBuildFile; fileRef = D78DB38F2B2770420048BC90 /* AppDelegate.swift */; };
		D78DB3942B2770930048BC90 /* SceneDelegate.swift in Sources */ = {isa = PBXBuildFile; fileRef = D78DB3932B2770930048BC90 /* SceneDelegate.swift */; };
		D78DB3972B3399900048BC90 /* UILabel+Ext.swift in Sources */ = {isa = PBXBuildFile; fileRef = D78DB3962B3399900048BC90 /* UILabel+Ext.swift */; };
		D78DB39A2B34C4260048BC90 /* Metrics.swift in Sources */ = {isa = PBXBuildFile; fileRef = D78DB3992B34C4260048BC90 /* Metrics.swift */; };
/* End PBXBuildFile section */

/* Begin PBXFileReference section */
		D78DB35F2B25DD220048BC90 /* AvitoTestProject.app */ = {isa = PBXFileReference; explicitFileType = wrapper.application; includeInIndex = 0; path = AvitoTestProject.app; sourceTree = BUILT_PRODUCTS_DIR; };
		D78DB3662B25DD220048BC90 /* ViewController.swift */ = {isa = PBXFileReference; lastKnownFileType = sourcecode.swift; path = ViewController.swift; sourceTree = "<group>"; };
		D78DB36B2B25DD270048BC90 /* Assets.xcassets */ = {isa = PBXFileReference; lastKnownFileType = folder.assetcatalog; path = Assets.xcassets; sourceTree = "<group>"; };
		D78DB36E2B25DD270048BC90 /* Base */ = {isa = PBXFileReference; lastKnownFileType = file.storyboard; name = Base; path = Base.lproj/LaunchScreen.storyboard; sourceTree = "<group>"; };
		D78DB3702B25DD270048BC90 /* Info.plist */ = {isa = PBXFileReference; lastKnownFileType = text.plist.xml; path = Info.plist; sourceTree = "<group>"; };
		D78DB37A2B25F3720048BC90 /* Result.json */ = {isa = PBXFileReference; fileEncoding = 4; lastKnownFileType = text.json; path = Result.json; sourceTree = "<group>"; };
		D78DB37C2B2602500048BC90 /* ServerResponce.swift */ = {isa = PBXFileReference; lastKnownFileType = sourcecode.swift; path = ServerResponce.swift; sourceTree = "<group>"; };
		D78DB3802B26042C0048BC90 /* DBServise.swift */ = {isa = PBXFileReference; lastKnownFileType = sourcecode.swift; path = DBServise.swift; sourceTree = "<group>"; };
		D78DB3842B2641D60048BC90 /* PlainCollectionViewCell.swift */ = {isa = PBXFileReference; lastKnownFileType = sourcecode.swift; path = PlainCollectionViewCell.swift; sourceTree = "<group>"; };
		D78DB3862B2642F20048BC90 /* AdvertCollectionViewCell.swift */ = {isa = PBXFileReference; lastKnownFileType = sourcecode.swift; path = AdvertCollectionViewCell.swift; sourceTree = "<group>"; };
		D78DB38F2B2770420048BC90 /* AppDelegate.swift */ = {isa = PBXFileReference; lastKnownFileType = sourcecode.swift; path = AppDelegate.swift; sourceTree = "<group>"; };
		D78DB3932B2770930048BC90 /* SceneDelegate.swift */ = {isa = PBXFileReference; fileEncoding = 4; lastKnownFileType = sourcecode.swift; name = SceneDelegate.swift; path = Application/SceneDelegate.swift; sourceTree = "<group>"; };
		D78DB3962B3399900048BC90 /* UILabel+Ext.swift */ = {isa = PBXFileReference; lastKnownFileType = sourcecode.swift; path = "UILabel+Ext.swift"; sourceTree = "<group>"; };
		D78DB3992B34C4260048BC90 /* Metrics.swift */ = {isa = PBXFileReference; lastKnownFileType = sourcecode.swift; path = Metrics.swift; sourceTree = "<group>"; };
/* End PBXFileReference section */

/* Begin PBXFrameworksBuildPhase section */
		D78DB35C2B25DD220048BC90 /* Frameworks */ = {
			isa = PBXFrameworksBuildPhase;
			buildActionMask = 2147483647;
			files = (
			);
			runOnlyForDeploymentPostprocessing = 0;
		};
/* End PBXFrameworksBuildPhase section */

/* Begin PBXGroup section */
		D78DB3562B25DD220048BC90 = {
			isa = PBXGroup;
			children = (
				D78DB3612B25DD220048BC90 /* AvitoTestProject */,
				D78DB3602B25DD220048BC90 /* Products */,
			);
			sourceTree = "<group>";
		};
		D78DB3602B25DD220048BC90 /* Products */ = {
			isa = PBXGroup;
			children = (
				D78DB35F2B25DD220048BC90 /* AvitoTestProject.app */,
			);
			name = Products;
			sourceTree = "<group>";
		};
		D78DB3612B25DD220048BC90 /* AvitoTestProject */ = {
			isa = PBXGroup;
			children = (
				D78DB3982B34C4100048BC90 /* Constatnts */,
				D78DB3952B33996A0048BC90 /* Extensions */,
				D78DB3932B2770930048BC90 /* SceneDelegate.swift */,
				D78DB38F2B2770420048BC90 /* AppDelegate.swift */,
				D78DB3822B263F970048BC90 /* View */,
				D78DB37F2B2603FF0048BC90 /* Service */,
				D78DB37E2B2602560048BC90 /* Models */,
				D78DB3772B25E2480048BC90 /* Resources */,
			);
			path = AvitoTestProject;
			sourceTree = "<group>";
		};
		D78DB3772B25E2480048BC90 /* Resources */ = {
			isa = PBXGroup;
			children = (
				D78DB37A2B25F3720048BC90 /* Result.json */,
				D78DB36B2B25DD270048BC90 /* Assets.xcassets */,
				D78DB36D2B25DD270048BC90 /* LaunchScreen.storyboard */,
				D78DB3702B25DD270048BC90 /* Info.plist */,
			);
			path = Resources;
			sourceTree = "<group>";
		};
		D78DB37E2B2602560048BC90 /* Models */ = {
			isa = PBXGroup;
			children = (
				D78DB37C2B2602500048BC90 /* ServerResponce.swift */,
			);
			path = Models;
			sourceTree = "<group>";
		};
		D78DB37F2B2603FF0048BC90 /* Service */ = {
			isa = PBXGroup;
			children = (
				D78DB3802B26042C0048BC90 /* DBServise.swift */,
			);
			path = Service;
			sourceTree = "<group>";
		};
		D78DB3822B263F970048BC90 /* View */ = {
			isa = PBXGroup;
			children = (
				D78DB3832B263FB20048BC90 /* Cells */,
				D78DB3662B25DD220048BC90 /* ViewController.swift */,
			);
			path = View;
			sourceTree = "<group>";
		};
		D78DB3832B263FB20048BC90 /* Cells */ = {
			isa = PBXGroup;
			children = (
				D78DB3842B2641D60048BC90 /* PlainCollectionViewCell.swift */,
				D78DB3862B2642F20048BC90 /* AdvertCollectionViewCell.swift */,
			);
			path = Cells;
			sourceTree = "<group>";
		};
		D78DB3952B33996A0048BC90 /* Extensions */ = {
			isa = PBXGroup;
			children = (
				D78DB3962B3399900048BC90 /* UILabel+Ext.swift */,
			);
			path = Extensions;
			sourceTree = "<group>";
		};
		D78DB3982B34C4100048BC90 /* Constatnts */ = {
			isa = PBXGroup;
			children = (
				D78DB3992B34C4260048BC90 /* Metrics.swift */,
			);
			path = Constatnts;
			sourceTree = "<group>";
		};
/* End PBXGroup section */

/* Begin PBXNativeTarget section */
		D78DB35E2B25DD220048BC90 /* AvitoTestProject */ = {
			isa = PBXNativeTarget;
			buildConfigurationList = D78DB3732B25DD270048BC90 /* Build configuration list for PBXNativeTarget "AvitoTestProject" */;
			buildPhases = (
				D78DB35B2B25DD220048BC90 /* Sources */,
				D78DB35C2B25DD220048BC90 /* Frameworks */,
				D78DB35D2B25DD220048BC90 /* Resources */,
			);
			buildRules = (
			);
			dependencies = (
			);
			name = AvitoTestProject;
			productName = AvitoTestProject;
			productReference = D78DB35F2B25DD220048BC90 /* AvitoTestProject.app */;
			productType = "com.apple.product-type.application";
		};
/* End PBXNativeTarget section */

/* Begin PBXProject section */
		D78DB3572B25DD220048BC90 /* Project object */ = {
			isa = PBXProject;
			attributes = {
				BuildIndependentTargetsInParallel = 1;
				LastSwiftUpdateCheck = 1500;
				LastUpgradeCheck = 1500;
				TargetAttributes = {
					D78DB35E2B25DD220048BC90 = {
						CreatedOnToolsVersion = 15.0;
					};
				};
			};
			buildConfigurationList = D78DB35A2B25DD220048BC90 /* Build configuration list for PBXProject "AvitoTestProject" */;
			compatibilityVersion = "Xcode 14.0";
			developmentRegion = en;
			hasScannedForEncodings = 0;
			knownRegions = (
				en,
				Base,
			);
			mainGroup = D78DB3562B25DD220048BC90;
			productRefGroup = D78DB3602B25DD220048BC90 /* Products */;
			projectDirPath = "";
			projectRoot = "";
			targets = (
				D78DB35E2B25DD220048BC90 /* AvitoTestProject */,
			);
		};
/* End PBXProject section */

/* Begin PBXResourcesBuildPhase section */
		D78DB35D2B25DD220048BC90 /* Resources */ = {
			isa = PBXResourcesBuildPhase;
			buildActionMask = 2147483647;
			files = (
				D78DB36F2B25DD270048BC90 /* LaunchScreen.storyboard in Resources */,
				D78DB37B2B25F3720048BC90 /* Result.json in Resources */,
				D78DB36C2B25DD270048BC90 /* Assets.xcassets in Resources */,
			);
			runOnlyForDeploymentPostprocessing = 0;
		};
/* End PBXResourcesBuildPhase section */

/* Begin PBXSourcesBuildPhase section */
		D78DB35B2B25DD220048BC90 /* Sources */ = {
			isa = PBXSourcesBuildPhase;
			buildActionMask = 2147483647;
			files = (
				D78DB3872B2642F20048BC90 /* AdvertCollectionViewCell.swift in Sources */,
				D78DB3672B25DD220048BC90 /* ViewController.swift in Sources */,
				D78DB3812B26042C0048BC90 /* DBServise.swift in Sources */,
				D78DB3902B2770420048BC90 /* AppDelegate.swift in Sources */,
				D78DB39A2B34C4260048BC90 /* Metrics.swift in Sources */,
				D78DB37D2B2602500048BC90 /* ServerResponce.swift in Sources */,
				D78DB3852B2641D60048BC90 /* PlainCollectionViewCell.swift in Sources */,
				D78DB3972B3399900048BC90 /* UILabel+Ext.swift in Sources */,
				D78DB3942B2770930048BC90 /* SceneDelegate.swift in Sources */,
			);
			runOnlyForDeploymentPostprocessing = 0;
		};
/* End PBXSourcesBuildPhase section */

/* Begin PBXVariantGroup section */
		D78DB36D2B25DD270048BC90 /* LaunchScreen.storyboard */ = {
			isa = PBXVariantGroup;
			children = (
				D78DB36E2B25DD270048BC90 /* Base */,
			);
			name = LaunchScreen.storyboard;
			sourceTree = "<group>";
		};
/* End PBXVariantGroup section */

/* Begin XCBuildConfiguration section */
		D78DB3712B25DD270048BC90 /* Debug */ = {
			isa = XCBuildConfiguration;
			buildSettings = {
				ALWAYS_SEARCH_USER_PATHS = NO;
				ASSETCATALOG_COMPILER_GENERATE_SWIFT_ASSET_SYMBOL_EXTENSIONS = YES;
				CLANG_ANALYZER_NONNULL = YES;
				CLANG_ANALYZER_NUMBER_OBJECT_CONVERSION = YES_AGGRESSIVE;
				CLANG_CXX_LANGUAGE_STANDARD = "gnu++20";
				CLANG_ENABLE_MODULES = YES;
				CLANG_ENABLE_OBJC_ARC = YES;
				CLANG_ENABLE_OBJC_WEAK = YES;
				CLANG_WARN_BLOCK_CAPTURE_AUTORELEASING = YES;
				CLANG_WARN_BOOL_CONVERSION = YES;
				CLANG_WARN_COMMA = YES;
				CLANG_WARN_CONSTANT_CONVERSION = YES;
				CLANG_WARN_DEPRECATED_OBJC_IMPLEMENTATIONS = YES;
				CLANG_WARN_DIRECT_OBJC_ISA_USAGE = YES_ERROR;
				CLANG_WARN_DOCUMENTATION_COMMENTS = YES;
				CLANG_WARN_EMPTY_BODY = YES;
				CLANG_WARN_ENUM_CONVERSION = YES;
				CLANG_WARN_INFINITE_RECURSION = YES;
				CLANG_WARN_INT_CONVERSION = YES;
				CLANG_WARN_NON_LITERAL_NULL_CONVERSION = YES;
				CLANG_WARN_OBJC_IMPLICIT_RETAIN_SELF = YES;
				CLANG_WARN_OBJC_LITERAL_CONVERSION = YES;
				CLANG_WARN_OBJC_ROOT_CLASS = YES_ERROR;
				CLANG_WARN_QUOTED_INCLUDE_IN_FRAMEWORK_HEADER = YES;
				CLANG_WARN_RANGE_LOOP_ANALYSIS = YES;
				CLANG_WARN_STRICT_PROTOTYPES = YES;
				CLANG_WARN_SUSPICIOUS_MOVE = YES;
				CLANG_WARN_UNGUARDED_AVAILABILITY = YES_AGGRESSIVE;
				CLANG_WARN_UNREACHABLE_CODE = YES;
				CLANG_WARN__DUPLICATE_METHOD_MATCH = YES;
				COPY_PHASE_STRIP = NO;
				DEBUG_INFORMATION_FORMAT = dwarf;
				ENABLE_STRICT_OBJC_MSGSEND = YES;
				ENABLE_TESTABILITY = YES;
				ENABLE_USER_SCRIPT_SANDBOXING = YES;
				GCC_C_LANGUAGE_STANDARD = gnu17;
				GCC_DYNAMIC_NO_PIC = NO;
				GCC_NO_COMMON_BLOCKS = YES;
				GCC_OPTIMIZATION_LEVEL = 0;
				GCC_PREPROCESSOR_DEFINITIONS = (
					"DEBUG=1",
					"$(inherited)",
				);
				GCC_WARN_64_TO_32_BIT_CONVERSION = YES;
				GCC_WARN_ABOUT_RETURN_TYPE = YES_ERROR;
				GCC_WARN_UNDECLARED_SELECTOR = YES;
				GCC_WARN_UNINITIALIZED_AUTOS = YES_AGGRESSIVE;
				GCC_WARN_UNUSED_FUNCTION = YES;
				GCC_WARN_UNUSED_VARIABLE = YES;
				IPHONEOS_DEPLOYMENT_TARGET = 17.0;
				LOCALIZATION_PREFERS_STRING_CATALOGS = YES;
				MTL_ENABLE_DEBUG_INFO = INCLUDE_SOURCE;
				MTL_FAST_MATH = YES;
				ONLY_ACTIVE_ARCH = YES;
				SDKROOT = iphoneos;
				SWIFT_ACTIVE_COMPILATION_CONDITIONS = "DEBUG $(inherited)";
				SWIFT_OPTIMIZATION_LEVEL = "-Onone";
			};
			name = Debug;
		};
		D78DB3722B25DD270048BC90 /* Release */ = {
			isa = XCBuildConfiguration;
			buildSettings = {
				ALWAYS_SEARCH_USER_PATHS = NO;
				ASSETCATALOG_COMPILER_GENERATE_SWIFT_ASSET_SYMBOL_EXTENSIONS = YES;
				CLANG_ANALYZER_NONNULL = YES;
				CLANG_ANALYZER_NUMBER_OBJECT_CONVERSION = YES_AGGRESSIVE;
				CLANG_CXX_LANGUAGE_STANDARD = "gnu++20";
				CLANG_ENABLE_MODULES = YES;
				CLANG_ENABLE_OBJC_ARC = YES;
				CLANG_ENABLE_OBJC_WEAK = YES;
				CLANG_WARN_BLOCK_CAPTURE_AUTORELEASING = YES;
				CLANG_WARN_BOOL_CONVERSION = YES;
				CLANG_WARN_COMMA = YES;
				CLANG_WARN_CONSTANT_CONVERSION = YES;
				CLANG_WARN_DEPRECATED_OBJC_IMPLEMENTATIONS = YES;
				CLANG_WARN_DIRECT_OBJC_ISA_USAGE = YES_ERROR;
				CLANG_WARN_DOCUMENTATION_COMMENTS = YES;
				CLANG_WARN_EMPTY_BODY = YES;
				CLANG_WARN_ENUM_CONVERSION = YES;
				CLANG_WARN_INFINITE_RECURSION = YES;
				CLANG_WARN_INT_CONVERSION = YES;
				CLANG_WARN_NON_LITERAL_NULL_CONVERSION = YES;
				CLANG_WARN_OBJC_IMPLICIT_RETAIN_SELF = YES;
				CLANG_WARN_OBJC_LITERAL_CONVERSION = YES;
				CLANG_WARN_OBJC_ROOT_CLASS = YES_ERROR;
				CLANG_WARN_QUOTED_INCLUDE_IN_FRAMEWORK_HEADER = YES;
				CLANG_WARN_RANGE_LOOP_ANALYSIS = YES;
				CLANG_WARN_STRICT_PROTOTYPES = YES;
				CLANG_WARN_SUSPICIOUS_MOVE = YES;
				CLANG_WARN_UNGUARDED_AVAILABILITY = YES_AGGRESSIVE;
				CLANG_WARN_UNREACHABLE_CODE = YES;
				CLANG_WARN__DUPLICATE_METHOD_MATCH = YES;
				COPY_PHASE_STRIP = NO;
				DEBUG_INFORMATION_FORMAT = "dwarf-with-dsym";
				ENABLE_NS_ASSERTIONS = NO;
				ENABLE_STRICT_OBJC_MSGSEND = YES;
				ENABLE_USER_SCRIPT_SANDBOXING = YES;
				GCC_C_LANGUAGE_STANDARD = gnu17;
				GCC_NO_COMMON_BLOCKS = YES;
				GCC_WARN_64_TO_32_BIT_CONVERSION = YES;
				GCC_WARN_ABOUT_RETURN_TYPE = YES_ERROR;
				GCC_WARN_UNDECLARED_SELECTOR = YES;
				GCC_WARN_UNINITIALIZED_AUTOS = YES_AGGRESSIVE;
				GCC_WARN_UNUSED_FUNCTION = YES;
				GCC_WARN_UNUSED_VARIABLE = YES;
				IPHONEOS_DEPLOYMENT_TARGET = 17.0;
				LOCALIZATION_PREFERS_STRING_CATALOGS = YES;
				MTL_ENABLE_DEBUG_INFO = NO;
				MTL_FAST_MATH = YES;
				SDKROOT = iphoneos;
				SWIFT_COMPILATION_MODE = wholemodule;
				VALIDATE_PRODUCT = YES;
			};
			name = Release;
		};
		D78DB3742B25DD270048BC90 /* Debug */ = {
			isa = XCBuildConfiguration;
			buildSettings = {
				ASSETCATALOG_COMPILER_APPICON_NAME = AppIcon;
				ASSETCATALOG_COMPILER_GLOBAL_ACCENT_COLOR_NAME = AccentColor;
				CODE_SIGN_STYLE = Automatic;
				CURRENT_PROJECT_VERSION = 1;
				DEVELOPMENT_TEAM = 986NFG9Y4U;
				GENERATE_INFOPLIST_FILE = YES;
				INFOPLIST_FILE = AvitoTestProject/Resources/Info.plist;
				INFOPLIST_KEY_UIApplicationSupportsIndirectInputEvents = YES;
				INFOPLIST_KEY_UILaunchStoryboardName = LaunchScreen;
				INFOPLIST_KEY_UIMainStoryboardFile = "";
				INFOPLIST_KEY_UISupportedInterfaceOrientations_iPad = "UIInterfaceOrientationPortrait UIInterfaceOrientationPortraitUpsideDown UIInterfaceOrientationLandscapeLeft UIInterfaceOrientationLandscapeRight";
				INFOPLIST_KEY_UISupportedInterfaceOrientations_iPhone = "UIInterfaceOrientationPortrait UIInterfaceOrientationLandscapeLeft UIInterfaceOrientationLandscapeRight";
				LD_RUNPATH_SEARCH_PATHS = (
					"$(inherited)",
					"@executable_path/Frameworks",
				);
				MARKETING_VERSION = 1.0;
				PRODUCT_BUNDLE_IDENTIFIER = VL.AvitoTestProject;
				PRODUCT_NAME = "$(TARGET_NAME)";
				SWIFT_EMIT_LOC_STRINGS = YES;
				SWIFT_VERSION = 5.0;
				TARGETED_DEVICE_FAMILY = "1,2";
			};
			name = Debug;
		};
		D78DB3752B25DD270048BC90 /* Release */ = {
			isa = XCBuildConfiguration;
			buildSettings = {
				ASSETCATALOG_COMPILER_APPICON_NAME = AppIcon;
				ASSETCATALOG_COMPILER_GLOBAL_ACCENT_COLOR_NAME = AccentColor;
				CODE_SIGN_STYLE = Automatic;
				CURRENT_PROJECT_VERSION = 1;
				DEVELOPMENT_TEAM = 986NFG9Y4U;
				GENERATE_INFOPLIST_FILE = YES;
				INFOPLIST_FILE = AvitoTestProject/Resources/Info.plist;
				INFOPLIST_KEY_UIApplicationSupportsIndirectInputEvents = YES;
				INFOPLIST_KEY_UILaunchStoryboardName = LaunchScreen;
				INFOPLIST_KEY_UIMainStoryboardFile = "";
				INFOPLIST_KEY_UISupportedInterfaceOrientations_iPad = "UIInterfaceOrientationPortrait UIInterfaceOrientationPortraitUpsideDown UIInterfaceOrientationLandscapeLeft UIInterfaceOrientationLandscapeRight";
				INFOPLIST_KEY_UISupportedInterfaceOrientations_iPhone = "UIInterfaceOrientationPortrait UIInterfaceOrientationLandscapeLeft UIInterfaceOrientationLandscapeRight";
				LD_RUNPATH_SEARCH_PATHS = (
					"$(inherited)",
					"@executable_path/Frameworks",
				);
				MARKETING_VERSION = 1.0;
				PRODUCT_BUNDLE_IDENTIFIER = VL.AvitoTestProject;
				PRODUCT_NAME = "$(TARGET_NAME)";
				SWIFT_EMIT_LOC_STRINGS = YES;
				SWIFT_VERSION = 5.0;
				TARGETED_DEVICE_FAMILY = "1,2";
			};
			name = Release;
		};
/* End XCBuildConfiguration section */

/* Begin XCConfigurationList section */
		D78DB35A2B25DD220048BC90 /* Build configuration list for PBXProject "AvitoTestProject" */ = {
			isa = XCConfigurationList;
			buildConfigurations = (
				D78DB3712B25DD270048BC90 /* Debug */,
				D78DB3722B25DD270048BC90 /* Release */,
			);
			defaultConfigurationIsVisible = 0;
			defaultConfigurationName = Release;
		};
		D78DB3732B25DD270048BC90 /* Build configuration list for PBXNativeTarget "AvitoTestProject" */ = {
			isa = XCConfigurationList;
			buildConfigurations = (
				D78DB3742B25DD270048BC90 /* Debug */,
				D78DB3752B25DD270048BC90 /* Release */,
			);
			defaultConfigurationIsVisible = 0;
			defaultConfigurationName = Release;
		};
/* End XCConfigurationList section */
	};
	rootObject = D78DB3572B25DD220048BC90 /* Project object */;
}
